
Microsoft Visual Studio Solution File, Format Version 12.00
# Visual Studio Version 16
VisualStudioVersion = 16.0.31702.278
MinimumVisualStudioVersion = 10.0.40219.1
Project("{9A19103F-16F7-4668-BE54-9A1E7A4F7556}") = "Assembly", "Module_2\Assembly.csproj", "{DF8D9EC9-44F9-414A-8429-E57CCEA16465}"
EndProject
Project("{FAE04EC0-301F-11D3-BF4B-00C04F79EFBC}") = "Assembly_2", "Assembly_2\Assembly_2.csproj", "{B041EACF-9347-44DE-BD34-15ADE0568AF5}"
EndProject
Global
	GlobalSection(SolutionConfigurationPlatforms) = preSolution
		Debug|Any CPU = Debug|Any CPU
		Release|Any CPU = Release|Any CPU
	EndGlobalSection
	GlobalSection(ProjectConfigurationPlatforms) = postSolution
		{DF8D9EC9-44F9-414A-8429-E57CCEA16465}.Debug|Any CPU.ActiveCfg = Debug|Any CPU
		{DF8D9EC9-44F9-414A-8429-E57CCEA16465}.Debug|Any CPU.Build.0 = Debug|Any CPU
		{DF8D9EC9-44F9-414A-8429-E57CCEA16465}.Release|Any CPU.ActiveCfg = Release|Any CPU
		{DF8D9EC9-44F9-414A-8429-E57CCEA16465}.Release|Any CPU.Build.0 = Release|Any CPU
		{B041EACF-9347-44DE-BD34-15ADE0568AF5}.Debug|Any CPU.ActiveCfg = Debug|Any CPU
		{B041EACF-9347-44DE-BD34-15ADE0568AF5}.Debug|Any CPU.Build.0 = Debug|Any CPU
		{B041EACF-9347-44DE-BD34-15ADE0568AF5}.Release|Any CPU.ActiveCfg = Release|Any CPU
		{B041EACF-9347-44DE-BD34-15ADE0568AF5}.Release|Any CPU.Build.0 = Release|Any CPU
	EndGlobalSection
	GlobalSection(SolutionProperties) = preSolution
		HideSolutionNode = FALSE
	EndGlobalSection
	GlobalSection(ExtensibilityGlobals) = postSolution
		SolutionGuid = {A9388D1B-2DA7-41B9-8598-770A6DA1A794}
	EndGlobalSection
EndGlobal
